
Microsoft Visual Studio Solution File, Format Version 12.00
# Visual Studio Version 16
VisualStudioVersion = 16.0.31727.386
MinimumVisualStudioVersion = 10.0.40219.1
Project("{FAE04EC0-301F-11D3-BF4B-00C04F79EFBC}") = "Mission_Wallet", "Mission_Wallet\Mission_Wallet.csproj", "{E2115967-B91A-4127-A172-ACAFE1137D0D}"
EndProject
Global
	GlobalSection(SolutionConfigurationPlatforms) = preSolution
		Debug|Any CPU = Debug|Any CPU
		Release|Any CPU = Release|Any CPU
	EndGlobalSection
	GlobalSection(ProjectConfigurationPlatforms) = postSolution
		{E2115967-B91A-4127-A172-ACAFE1137D0D}.Debug|Any CPU.ActiveCfg = Debug|Any CPU
		{E2115967-B91A-4127-A172-ACAFE1137D0D}.Debug|Any CPU.Build.0 = Debug|Any CPU
		{E2115967-B91A-4127-A172-ACAFE1137D0D}.Release|Any CPU.ActiveCfg = Release|Any CPU
		{E2115967-B91A-4127-A172-ACAFE1137D0D}.Release|Any CPU.Build.0 = Release|Any CPU
	EndGlobalSection
	GlobalSection(SolutionProperties) = preSolution
		HideSolutionNode = FALSE
	EndGlobalSection
	GlobalSection(ExtensibilityGlobals) = postSolution
		SolutionGuid = {B7845DEE-C060-4F85-AEFA-E2030FD6B56E}
	EndGlobalSection
EndGlobal
